
Microsoft Visual Studio Solution File, Format Version 12.00
# Visual Studio Version 17
VisualStudioVersion = 17.3.32811.315
MinimumVisualStudioVersion = 10.0.40219.1
Project("{FAE04EC0-301F-11D3-BF4B-00C04F79EFBC}") = "Day8EmployeeRoll", "Day8EmployeeRoll.csproj", "{C41BF107-61B3-4CEC-9FAE-4D50316B627B}"
EndProject
Global
	GlobalSection(SolutionConfigurationPlatforms) = preSolution
		Debug|Any CPU = Debug|Any CPU
		Release|Any CPU = Release|Any CPU
	EndGlobalSection
	GlobalSection(ProjectConfigurationPlatforms) = postSolution
		{C41BF107-61B3-4CEC-9FAE-4D50316B627B}.Debug|Any CPU.ActiveCfg = Debug|Any CPU
		{C41BF107-61B3-4CEC-9FAE-4D50316B627B}.Debug|Any CPU.Build.0 = Debug|Any CPU
		{C41BF107-61B3-4CEC-9FAE-4D50316B627B}.Release|Any CPU.ActiveCfg = Release|Any CPU
		{C41BF107-61B3-4CEC-9FAE-4D50316B627B}.Release|Any CPU.Build.0 = Release|Any CPU
	EndGlobalSection
	GlobalSection(SolutionProperties) = preSolution
		HideSolutionNode = FALSE
	EndGlobalSection
	GlobalSection(ExtensibilityGlobals) = postSolution
		SolutionGuid = {6D6A4FB1-F08E-4F20-983E-814B1415E44D}
	EndGlobalSection
EndGlobal
